
Microsoft Visual Studio Solution File, Format Version 12.00
# Visual Studio Version 17
VisualStudioVersion = 17.2.32630.192
MinimumVisualStudioVersion = 10.0.40219.1
Project("{FAE04EC0-301F-11D3-BF4B-00C04F79EFBC}") = "CollectionGenerics_Lab_8", "CollectionGenerics_Lab_8\CollectionGenerics_Lab_8.csproj", "{2850CEA0-3D64-448A-9301-A98C59BEEB04}"
EndProject
Global
	GlobalSection(SolutionConfigurationPlatforms) = preSolution
		Debug|Any CPU = Debug|Any CPU
		Release|Any CPU = Release|Any CPU
	EndGlobalSection
	GlobalSection(ProjectConfigurationPlatforms) = postSolution
		{2850CEA0-3D64-448A-9301-A98C59BEEB04}.Debug|Any CPU.ActiveCfg = Debug|Any CPU
		{2850CEA0-3D64-448A-9301-A98C59BEEB04}.Debug|Any CPU.Build.0 = Debug|Any CPU
		{2850CEA0-3D64-448A-9301-A98C59BEEB04}.Release|Any CPU.ActiveCfg = Release|Any CPU
		{2850CEA0-3D64-448A-9301-A98C59BEEB04}.Release|Any CPU.Build.0 = Release|Any CPU
	EndGlobalSection
	GlobalSection(SolutionProperties) = preSolution
		HideSolutionNode = FALSE
	EndGlobalSection
	GlobalSection(ExtensibilityGlobals) = postSolution
		SolutionGuid = {87C78BDD-17A8-4944-A69D-FCDD3458EAC5}
	EndGlobalSection
EndGlobal
